// !$*UTF8*$!
{
	archiveVersion = 1;
	classes = {
	};
	objectVersion = 50;
	objects = {

/* Begin PBXBuildFile section */
		05567C597A402631EDD2923C /* Pods_MakeUpSample.framework in Frameworks */ = {isa = PBXBuildFile; fileRef = 17CFF094B9E8431CD78D6F6A /* Pods_MakeUpSample.framework */; };
		C12C8337213A8F6200567434 /* ProductTypeViewController.swift in Sources */ = {isa = PBXBuildFile; fileRef = C12C8336213A8F6200567434 /* ProductTypeViewController.swift */; };
		C12C8339213A986C00567434 /* icons8-化粧ブラシ-44.png in Resources */ = {isa = PBXBuildFile; fileRef = C12C8338213A986C00567434 /* icons8-化粧ブラシ-44.png */; };
		C12C833D213A988500567434 /* icons8-検索-32.png in Resources */ = {isa = PBXBuildFile; fileRef = C12C833A213A988400567434 /* icons8-検索-32.png */; };
		C12C833E213A988500567434 /* icons8-ハート-32 (1).png in Resources */ = {isa = PBXBuildFile; fileRef = C12C833B213A988400567434 /* icons8-ハート-32 (1).png */; };
		C12C833F213A988500567434 /* icons8-ハート-32.png in Resources */ = {isa = PBXBuildFile; fileRef = C12C833C213A988400567434 /* icons8-ハート-32.png */; };
		C12C8341213A9A3F00567434 /* CosmeListViewController.swift in Sources */ = {isa = PBXBuildFile; fileRef = C12C8340213A9A3F00567434 /* CosmeListViewController.swift */; };
		C12C8343213AAF2E00567434 /* ExplainWebViewController.swift in Sources */ = {isa = PBXBuildFile; fileRef = C12C8342213AAF2E00567434 /* ExplainWebViewController.swift */; };
		C12C8346213ACEFF00567434 /* icons8-フェースパウダー-44.png in Resources */ = {isa = PBXBuildFile; fileRef = C12C8344213ACEFF00567434 /* icons8-フェースパウダー-44.png */; };
		C12C834A213ACF4C00567434 /* icons8-フェースパウダー-32.png in Resources */ = {isa = PBXBuildFile; fileRef = C12C8348213ACF4B00567434 /* icons8-フェースパウダー-32.png */; };
		C12C834B213ACF4C00567434 /* icons8-カテゴリー-32.png in Resources */ = {isa = PBXBuildFile; fileRef = C12C8349213ACF4B00567434 /* icons8-カテゴリー-32.png */; };
		C12C8350213ADF9E00567434 /* UIColor+Extention.swift in Sources */ = {isa = PBXBuildFile; fileRef = C12C834F213ADF9E00567434 /* UIColor+Extention.swift */; };
		C12C8352213AE35C00567434 /* String+Extention.swift in Sources */ = {isa = PBXBuildFile; fileRef = C12C8351213AE35C00567434 /* String+Extention.swift */; };
		C12C8354213AF17D00567434 /* HexValueToRGB.swift in Sources */ = {isa = PBXBuildFile; fileRef = C12C8353213AF17D00567434 /* HexValueToRGB.swift */; };
		C12C8356213AFC8600567434 /* LoadCSVFile.swift in Sources */ = {isa = PBXBuildFile; fileRef = C12C8355213AFC8600567434 /* LoadCSVFile.swift */; };
		C12C83A1213B09C800567434 /* blush-summer-blue-min.csv in Resources */ = {isa = PBXBuildFile; fileRef = C12C8359213B09C100567434 /* blush-summer-blue-min.csv */; };
		C12C83A2213B09C800567434 /* eyeshadow-autumn-blue-max.csv in Resources */ = {isa = PBXBuildFile; fileRef = C12C835A213B09C100567434 /* eyeshadow-autumn-blue-max.csv */; };
		C12C83A3213B09C800567434 /* blush-spring-blue-max.csv in Resources */ = {isa = PBXBuildFile; fileRef = C12C835B213B09C100567434 /* blush-spring-blue-max.csv */; };
		C12C83A4213B09C800567434 /* eyeshadow-spring-green-min.csv in Resources */ = {isa = PBXBuildFile; fileRef = C12C835C213B09C100567434 /* eyeshadow-spring-green-min.csv */; };
		C12C83A5213B09C800567434 /* blush-autumn-red-min.csv in Resources */ = {isa = PBXBuildFile; fileRef = C12C835D213B09C100567434 /* blush-autumn-red-min.csv */; };
		C12C83A6213B09C800567434 /* blush-autumn-green-min.csv in Resources */ = {isa = PBXBuildFile; fileRef = C12C835E213B09C100567434 /* blush-autumn-green-min.csv */; };
		C12C83A7213B09C800567434 /* blush-winter-red-min.csv in Resources */ = {isa = PBXBuildFile; fileRef = C12C835F213B09C100567434 /* blush-winter-red-min.csv */; };
		C12C83A8213B09C800567434 /* eyeshadow-autumn-red-min.csv in Resources */ = {isa = PBXBuildFile; fileRef = C12C8360213B09C200567434 /* eyeshadow-autumn-red-min.csv */; };
		C12C83A9213B09C800567434 /* blush-winter-green-max.csv in Resources */ = {isa = PBXBuildFile; fileRef = C12C8361213B09C200567434 /* blush-winter-green-max.csv */; };
		C12C83AA213B09C800567434 /* eyeshadow-autumn-green-min.csv in Resources */ = {isa = PBXBuildFile; fileRef = C12C8362213B09C200567434 /* eyeshadow-autumn-green-min.csv */; };
		C12C83AB213B09C800567434 /* blush-summer-red-max.csv in Resources */ = {isa = PBXBuildFile; fileRef = C12C8363213B09C200567434 /* blush-summer-red-max.csv */; };
		C12C83AC213B09C800567434 /* blush-autumn-blue-max.csv in Resources */ = {isa = PBXBuildFile; fileRef = C12C8364213B09C200567434 /* blush-autumn-blue-max.csv */; };
		C12C83AD213B09C800567434 /* blush-winter-green-min.csv in Resources */ = {isa = PBXBuildFile; fileRef = C12C8365213B09C200567434 /* blush-winter-green-min.csv */; };
		C12C83AE213B09C800567434 /* eyeshadow-spring-green-max.csv in Resources */ = {isa = PBXBuildFile; fileRef = C12C8366213B09C200567434 /* eyeshadow-spring-green-max.csv */; };
		C12C83AF213B09C800567434 /* eyeshadow-summer-red-max.csv in Resources */ = {isa = PBXBuildFile; fileRef = C12C8367213B09C200567434 /* eyeshadow-summer-red-max.csv */; };
		C12C83B0213B09C800567434 /* blush-autumn-red-max.csv in Resources */ = {isa = PBXBuildFile; fileRef = C12C8368213B09C200567434 /* blush-autumn-red-max.csv */; };
		C12C83B1213B09C800567434 /* blush-autumn-blue-min.csv in Resources */ = {isa = PBXBuildFile; fileRef = C12C8369213B09C200567434 /* blush-autumn-blue-min.csv */; };
		C12C83B2213B09C800567434 /* lipstick-winter-red-min.csv in Resources */ = {isa = PBXBuildFile; fileRef = C12C836A213B09C200567434 /* lipstick-winter-red-min.csv */; };
		C12C83B3213B09C800567434 /* eyeshadow-autumn-red-max.csv in Resources */ = {isa = PBXBuildFile; fileRef = C12C836B213B09C200567434 /* eyeshadow-autumn-red-max.csv */; };
		C12C83B4213B09C800567434 /* eyeshadow-winter-red-min.csv in Resources */ = {isa = PBXBuildFile; fileRef = C12C836C213B09C200567434 /* eyeshadow-winter-red-min.csv */; };
		C12C83B5213B09C800567434 /* eyeshadow-summer-blue-min.csv in Resources */ = {isa = PBXBuildFile; fileRef = C12C836D213B09C200567434 /* eyeshadow-summer-blue-min.csv */; };
		C12C83B6213B09C800567434 /* lipstick-spring-red-min.csv in Resources */ = {isa = PBXBuildFile; fileRef = C12C836E213B09C300567434 /* lipstick-spring-red-min.csv */; };
		C12C83B7213B09C800567434 /* lipstick-winter-blue-max.csv in Resources */ = {isa = PBXBuildFile; fileRef = C12C836F213B09C300567434 /* lipstick-winter-blue-max.csv */; };
		C12C83B8213B09C800567434 /* lipstick-summer-blue-min.csv in Resources */ = {isa = PBXBuildFile; fileRef = C12C8370213B09C300567434 /* lipstick-summer-blue-min.csv */; };
		C12C83B9213B09C800567434 /* eyeshadow-spring-red-max.csv in Resources */ = {isa = PBXBuildFile; fileRef = C12C8371213B09C300567434 /* eyeshadow-spring-red-max.csv */; };
		C12C83BA213B09C800567434 /* lipstick-autumn-blue-max.csv in Resources */ = {isa = PBXBuildFile; fileRef = C12C8372213B09C300567434 /* lipstick-autumn-blue-max.csv */; };
		C12C83BB213B09C800567434 /* lipstick-winter-green-max.csv in Resources */ = {isa = PBXBuildFile; fileRef = C12C8373213B09C300567434 /* lipstick-winter-green-max.csv */; };
		C12C83BC213B09C800567434 /* eyeshadow-summer-green-min.csv in Resources */ = {isa = PBXBuildFile; fileRef = C12C8374213B09C300567434 /* eyeshadow-summer-green-min.csv */; };
		C12C83BD213B09C800567434 /* eyeshadow-autumn-blue-min.csv in Resources */ = {isa = PBXBuildFile; fileRef = C12C8375213B09C300567434 /* eyeshadow-autumn-blue-min.csv */; };
		C12C83BE213B09C800567434 /* eyeshadow-winter-blue-min.csv in Resources */ = {isa = PBXBuildFile; fileRef = C12C8376213B09C300567434 /* eyeshadow-winter-blue-min.csv */; };
		C12C83BF213B09C800567434 /* lipstick-spring-blue-max.csv in Resources */ = {isa = PBXBuildFile; fileRef = C12C8377213B09C400567434 /* lipstick-spring-blue-max.csv */; };
		C12C83C0213B09C800567434 /* eyeshadow-winter-green-max.csv in Resources */ = {isa = PBXBuildFile; fileRef = C12C8378213B09C400567434 /* eyeshadow-winter-green-max.csv */; };
		C12C83C1213B09C800567434 /* eyeshadow-summer-red-min.csv in Resources */ = {isa = PBXBuildFile; fileRef = C12C8379213B09C400567434 /* eyeshadow-summer-red-min.csv */; };
		C12C83C2213B09C800567434 /* eyeshadow-winter-red-max.csv in Resources */ = {isa = PBXBuildFile; fileRef = C12C837A213B09C400567434 /* eyeshadow-winter-red-max.csv */; };
		C12C83C3213B09C800567434 /* lipstick-summer-green-max.csv in Resources */ = {isa = PBXBuildFile; fileRef = C12C837B213B09C400567434 /* lipstick-summer-green-max.csv */; };
		C12C83C4213B09C800567434 /* lipstick-winter-green-min.csv in Resources */ = {isa = PBXBuildFile; fileRef = C12C837C213B09C400567434 /* lipstick-winter-green-min.csv */; };
		C12C83C5213B09C800567434 /* blush-summer-blue-max.csv in Resources */ = {isa = PBXBuildFile; fileRef = C12C837D213B09C400567434 /* blush-summer-blue-max.csv */; };
		C12C83C6213B09C800567434 /* lipstick-spring-red-max.csv in Resources */ = {isa = PBXBuildFile; fileRef = C12C837E213B09C400567434 /* lipstick-spring-red-max.csv */; };
		C12C83C7213B09C800567434 /* eyeshadow-winter-blue-max.csv in Resources */ = {isa = PBXBuildFile; fileRef = C12C837F213B09C400567434 /* eyeshadow-winter-blue-max.csv */; };
		C12C83C8213B09C800567434 /* lipstick-summer-green-min.csv in Resources */ = {isa = PBXBuildFile; fileRef = C12C8380213B09C400567434 /* lipstick-summer-green-min.csv */; };
		C12C83C9213B09C800567434 /* blush-spring-green-min.csv in Resources */ = {isa = PBXBuildFile; fileRef = C12C8381213B09C400567434 /* blush-spring-green-min.csv */; };
		C12C83CA213B09C800567434 /* lipstick-autumn-green-min.csv in Resources */ = {isa = PBXBuildFile; fileRef = C12C8382213B09C500567434 /* lipstick-autumn-green-min.csv */; };
		C12C83CB213B09C800567434 /* blush-summer-green-min.csv in Resources */ = {isa = PBXBuildFile; fileRef = C12C8383213B09C500567434 /* blush-summer-green-min.csv */; };
		C12C83CC213B09C800567434 /* eyeshadow-winter-green-min.csv in Resources */ = {isa = PBXBuildFile; fileRef = C12C8384213B09C500567434 /* eyeshadow-winter-green-min.csv */; };
		C12C83CD213B09C800567434 /* lipstick-autumn-red-min.csv in Resources */ = {isa = PBXBuildFile; fileRef = C12C8385213B09C500567434 /* lipstick-autumn-red-min.csv */; };
		C12C83CE213B09C800567434 /* eyeshadow-spring-red-min.csv in Resources */ = {isa = PBXBuildFile; fileRef = C12C8386213B09C500567434 /* eyeshadow-spring-red-min.csv */; };
		C12C83CF213B09C800567434 /* lipstick-spring-green-max.csv in Resources */ = {isa = PBXBuildFile; fileRef = C12C8387213B09C500567434 /* lipstick-spring-green-max.csv */; };
		C12C83D0213B09C800567434 /* blush-spring-blue-min.csv in Resources */ = {isa = PBXBuildFile; fileRef = C12C8388213B09C500567434 /* blush-spring-blue-min.csv */; };
		C12C83D1213B09C800567434 /* lipstick-autumn-green-max.csv in Resources */ = {isa = PBXBuildFile; fileRef = C12C8389213B09C500567434 /* lipstick-autumn-green-max.csv */; };
		C12C83D2213B09C800567434 /* lipstick-autumn-blue-min.csv in Resources */ = {isa = PBXBuildFile; fileRef = C12C838A213B09C600567434 /* lipstick-autumn-blue-min.csv */; };
		C12C83D3213B09C800567434 /* lipstick-summer-red-max.csv in Resources */ = {isa = PBXBuildFile; fileRef = C12C838B213B09C600567434 /* lipstick-summer-red-max.csv */; };
		C12C83D4213B09C800567434 /* lipstick-summer-red-min.csv in Resources */ = {isa = PBXBuildFile; fileRef = C12C838C213B09C600567434 /* lipstick-summer-red-min.csv */; };
		C12C83D5213B09C800567434 /* lipstick-autumn-red-max.csv in Resources */ = {isa = PBXBuildFile; fileRef = C12C838D213B09C600567434 /* lipstick-autumn-red-max.csv */; };
		C12C83D6213B09C800567434 /* blush-summer-red-min.csv in Resources */ = {isa = PBXBuildFile; fileRef = C12C838E213B09C600567434 /* blush-summer-red-min.csv */; };
		C12C83D7213B09C800567434 /* blush-winter-red-max.csv in Resources */ = {isa = PBXBuildFile; fileRef = C12C838F213B09C600567434 /* blush-winter-red-max.csv */; };
		C12C83D8213B09C800567434 /* eyeshadow-spring-blue-max.csv in Resources */ = {isa = PBXBuildFile; fileRef = C12C8390213B09C600567434 /* eyeshadow-spring-blue-max.csv */; };
		C12C83D9213B09C800567434 /* eyeshadow-summer-blue-max.csv in Resources */ = {isa = PBXBuildFile; fileRef = C12C8391213B09C600567434 /* eyeshadow-summer-blue-max.csv */; };
		C12C83DA213B09C800567434 /* blush-winter-blue-min.csv in Resources */ = {isa = PBXBuildFile; fileRef = C12C8392213B09C700567434 /* blush-winter-blue-min.csv */; };
		C12C83DB213B09C800567434 /* blush-winter-blue-max.csv in Resources */ = {isa = PBXBuildFile; fileRef = C12C8393213B09C700567434 /* blush-winter-blue-max.csv */; };
		C12C83DC213B09C800567434 /* eyeshadow-spring-blue-min.csv in Resources */ = {isa = PBXBuildFile; fileRef = C12C8394213B09C700567434 /* eyeshadow-spring-blue-min.csv */; };
		C12C83DD213B09C800567434 /* lipstick-winter-blue-min.csv in Resources */ = {isa = PBXBuildFile; fileRef = C12C8395213B09C700567434 /* lipstick-winter-blue-min.csv */; };
		C12C83DE213B09C800567434 /* lipstick-summer-blue-max.csv in Resources */ = {isa = PBXBuildFile; fileRef = C12C8396213B09C700567434 /* lipstick-summer-blue-max.csv */; };
		C12C83DF213B09C800567434 /* eyeshadow-autumn-green-max.csv in Resources */ = {isa = PBXBuildFile; fileRef = C12C8397213B09C700567434 /* eyeshadow-autumn-green-max.csv */; };
		C12C83E0213B09C800567434 /* blush-summer-green-max.csv in Resources */ = {isa = PBXBuildFile; fileRef = C12C8398213B09C700567434 /* blush-summer-green-max.csv */; };
		C12C83E1213B09C800567434 /* eyeshadow-summer-green-max.csv in Resources */ = {isa = PBXBuildFile; fileRef = C12C8399213B09C700567434 /* eyeshadow-summer-green-max.csv */; };
		C12C83E2213B09C800567434 /* blush-spring-green-max.csv in Resources */ = {isa = PBXBuildFile; fileRef = C12C839A213B09C700567434 /* blush-spring-green-max.csv */; };
		C12C83E3213B09C800567434 /* lipstick-spring-green-min.csv in Resources */ = {isa = PBXBuildFile; fileRef = C12C839B213B09C800567434 /* lipstick-spring-green-min.csv */; };
		C12C83E4213B09C800567434 /* blush-autumn-green-max.csv in Resources */ = {isa = PBXBuildFile; fileRef = C12C839C213B09C800567434 /* blush-autumn-green-max.csv */; };
		C12C83E5213B09C800567434 /* lipstick-winter-red-max.csv in Resources */ = {isa = PBXBuildFile; fileRef = C12C839D213B09C800567434 /* lipstick-winter-red-max.csv */; };
		C12C83E6213B09C800567434 /* lipstick-spring-blue-min.csv in Resources */ = {isa = PBXBuildFile; fileRef = C12C839E213B09C800567434 /* lipstick-spring-blue-min.csv */; };
		C12C83E7213B09C800567434 /* blush-spring-red-max.csv in Resources */ = {isa = PBXBuildFile; fileRef = C12C839F213B09C800567434 /* blush-spring-red-max.csv */; };
		C12C83E8213B09C800567434 /* blush-spring-red-min.csv in Resources */ = {isa = PBXBuildFile; fileRef = C12C83A0213B09C800567434 /* blush-spring-red-min.csv */; };
		C12C83EA213B0BB500567434 /* SelectSeasonViewController.swift in Sources */ = {isa = PBXBuildFile; fileRef = C12C83E9213B0BB500567434 /* SelectSeasonViewController.swift */; };
		C1319AEA2136881C009B212E /* AppDelegate.swift in Sources */ = {isa = PBXBuildFile; fileRef = C1319AE92136881C009B212E /* AppDelegate.swift */; };
		C1319AEC2136881C009B212E /* ViewController.swift in Sources */ = {isa = PBXBuildFile; fileRef = C1319AEB2136881C009B212E /* ViewController.swift */; };
		C1319AEF2136881C009B212E /* Main.storyboard in Resources */ = {isa = PBXBuildFile; fileRef = C1319AED2136881C009B212E /* Main.storyboard */; };
		C1319AF12136881E009B212E /* Assets.xcassets in Resources */ = {isa = PBXBuildFile; fileRef = C1319AF02136881E009B212E /* Assets.xcassets */; };
		C1319AF42136881E009B212E /* LaunchScreen.storyboard in Resources */ = {isa = PBXBuildFile; fileRef = C1319AF22136881E009B212E /* LaunchScreen.storyboard */; };
		C1319B0021368B66009B212E /* MakeUpAPI.swift in Sources */ = {isa = PBXBuildFile; fileRef = C1319AFF21368B66009B212E /* MakeUpAPI.swift */; };
		C1319B062136B8D2009B212E /* Cosme.swift in Sources */ = {isa = PBXBuildFile; fileRef = C1319B052136B8D2009B212E /* Cosme.swift */; };
		C1319B0921370C62009B212E /* CosmeTableViewCell.swift in Sources */ = {isa = PBXBuildFile; fileRef = C1319B0721370C62009B212E /* CosmeTableViewCell.swift */; };
		C1319B0A21370C62009B212E /* CosmeTableViewCell.xib in Resources */ = {isa = PBXBuildFile; fileRef = C1319B0821370C62009B212E /* CosmeTableViewCell.xib */; };
		C1319B13213A7A14009B212E /* ProductTypeTableViewCell.swift in Sources */ = {isa = PBXBuildFile; fileRef = C1319B11213A7A14009B212E /* ProductTypeTableViewCell.swift */; };
		C1319B14213A7A14009B212E /* ProductTypeTableViewCell.xib in Resources */ = {isa = PBXBuildFile; fileRef = C1319B12213A7A14009B212E /* ProductTypeTableViewCell.xib */; };
/* End PBXBuildFile section */

/* Begin PBXFileReference section */
		04588FCA5693F15BB6FD69EE /* Pods-MakeUpSample.debug.xcconfig */ = {isa = PBXFileReference; includeInIndex = 1; lastKnownFileType = text.xcconfig; name = "Pods-MakeUpSample.debug.xcconfig"; path = "Pods/Target Support Files/Pods-MakeUpSample/Pods-MakeUpSample.debug.xcconfig"; sourceTree = "<group>"; };
		17CFF094B9E8431CD78D6F6A /* Pods_MakeUpSample.framework */ = {isa = PBXFileReference; explicitFileType = wrapper.framework; includeInIndex = 0; path = Pods_MakeUpSample.framework; sourceTree = BUILT_PRODUCTS_DIR; };
		B6DDB4734510B9398E88C73E /* Pods-MakeUpSample.release.xcconfig */ = {isa = PBXFileReference; includeInIndex = 1; lastKnownFileType = text.xcconfig; name = "Pods-MakeUpSample.release.xcconfig"; path = "Pods/Target Support Files/Pods-MakeUpSample/Pods-MakeUpSample.release.xcconfig"; sourceTree = "<group>"; };
		C12C8336213A8F6200567434 /* ProductTypeViewController.swift */ = {isa = PBXFileReference; lastKnownFileType = sourcecode.swift; path = ProductTypeViewController.swift; sourceTree = "<group>"; };
		C12C8338213A986C00567434 /* icons8-化粧ブラシ-44.png */ = {isa = PBXFileReference; lastKnownFileType = image.png; path = "icons8-化粧ブラシ-44.png"; sourceTree = "<group>"; };
		C12C833A213A988400567434 /* icons8-検索-32.png */ = {isa = PBXFileReference; lastKnownFileType = image.png; path = "icons8-検索-32.png"; sourceTree = "<group>"; };
		C12C833B213A988400567434 /* icons8-ハート-32 (1).png */ = {isa = PBXFileReference; lastKnownFileType = image.png; path = "icons8-ハート-32 (1).png"; sourceTree = "<group>"; };
		C12C833C213A988400567434 /* icons8-ハート-32.png */ = {isa = PBXFileReference; lastKnownFileType = image.png; path = "icons8-ハート-32.png"; sourceTree = "<group>"; };
		C12C8340213A9A3F00567434 /* CosmeListViewController.swift */ = {isa = PBXFileReference; lastKnownFileType = sourcecode.swift; path = CosmeListViewController.swift; sourceTree = "<group>"; };
		C12C8342213AAF2E00567434 /* ExplainWebViewController.swift */ = {isa = PBXFileReference; lastKnownFileType = sourcecode.swift; path = ExplainWebViewController.swift; sourceTree = "<group>"; };
		C12C8344213ACEFF00567434 /* icons8-フェースパウダー-44.png */ = {isa = PBXFileReference; lastKnownFileType = image.png; path = "icons8-フェースパウダー-44.png"; sourceTree = "<group>"; };
		C12C8348213ACF4B00567434 /* icons8-フェースパウダー-32.png */ = {isa = PBXFileReference; lastKnownFileType = image.png; path = "icons8-フェースパウダー-32.png"; sourceTree = "<group>"; };
		C12C8349213ACF4B00567434 /* icons8-カテゴリー-32.png */ = {isa = PBXFileReference; lastKnownFileType = image.png; path = "icons8-カテゴリー-32.png"; sourceTree = "<group>"; };
		C12C834F213ADF9E00567434 /* UIColor+Extention.swift */ = {isa = PBXFileReference; lastKnownFileType = sourcecode.swift; path = "UIColor+Extention.swift"; sourceTree = "<group>"; };
		C12C8351213AE35C00567434 /* String+Extention.swift */ = {isa = PBXFileReference; lastKnownFileType = sourcecode.swift; path = "String+Extention.swift"; sourceTree = "<group>"; };
		C12C8353213AF17D00567434 /* HexValueToRGB.swift */ = {isa = PBXFileReference; lastKnownFileType = sourcecode.swift; path = HexValueToRGB.swift; sourceTree = "<group>"; };
		C12C8355213AFC8600567434 /* LoadCSVFile.swift */ = {isa = PBXFileReference; lastKnownFileType = sourcecode.swift; path = LoadCSVFile.swift; sourceTree = "<group>"; };
		C12C8359213B09C100567434 /* blush-summer-blue-min.csv */ = {isa = PBXFileReference; fileEncoding = 4; lastKnownFileType = text; path = "blush-summer-blue-min.csv"; sourceTree = "<group>"; };
		C12C835A213B09C100567434 /* eyeshadow-autumn-blue-max.csv */ = {isa = PBXFileReference; fileEncoding = 4; lastKnownFileType = text; path = "eyeshadow-autumn-blue-max.csv"; sourceTree = "<group>"; };
		C12C835B213B09C100567434 /* blush-spring-blue-max.csv */ = {isa = PBXFileReference; fileEncoding = 4; lastKnownFileType = text; path = "blush-spring-blue-max.csv"; sourceTree = "<group>"; };
		C12C835C213B09C100567434 /* eyeshadow-spring-green-min.csv */ = {isa = PBXFileReference; fileEncoding = 4; lastKnownFileType = text; path = "eyeshadow-spring-green-min.csv"; sourceTree = "<group>"; };
		C12C835D213B09C100567434 /* blush-autumn-red-min.csv */ = {isa = PBXFileReference; fileEncoding = 4; lastKnownFileType = text; path = "blush-autumn-red-min.csv"; sourceTree = "<group>"; };
		C12C835E213B09C100567434 /* blush-autumn-green-min.csv */ = {isa = PBXFileReference; fileEncoding = 4; lastKnownFileType = text; path = "blush-autumn-green-min.csv"; sourceTree = "<group>"; };
		C12C835F213B09C100567434 /* blush-winter-red-min.csv */ = {isa = PBXFileReference; fileEncoding = 4; lastKnownFileType = text; path = "blush-winter-red-min.csv"; sourceTree = "<group>"; };
		C12C8360213B09C200567434 /* eyeshadow-autumn-red-min.csv */ = {isa = PBXFileReference; fileEncoding = 4; lastKnownFileType = text; path = "eyeshadow-autumn-red-min.csv"; sourceTree = "<group>"; };
		C12C8361213B09C200567434 /* blush-winter-green-max.csv */ = {isa = PBXFileReference; fileEncoding = 4; lastKnownFileType = text; path = "blush-winter-green-max.csv"; sourceTree = "<group>"; };
		C12C8362213B09C200567434 /* eyeshadow-autumn-green-min.csv */ = {isa = PBXFileReference; fileEncoding = 4; lastKnownFileType = text; path = "eyeshadow-autumn-green-min.csv"; sourceTree = "<group>"; };
		C12C8363213B09C200567434 /* blush-summer-red-max.csv */ = {isa = PBXFileReference; fileEncoding = 4; lastKnownFileType = text; path = "blush-summer-red-max.csv"; sourceTree = "<group>"; };
		C12C8364213B09C200567434 /* blush-autumn-blue-max.csv */ = {isa = PBXFileReference; fileEncoding = 4; lastKnownFileType = text; path = "blush-autumn-blue-max.csv"; sourceTree = "<group>"; };
		C12C8365213B09C200567434 /* blush-winter-green-min.csv */ = {isa = PBXFileReference; fileEncoding = 4; lastKnownFileType = text; path = "blush-winter-green-min.csv"; sourceTree = "<group>"; };
		C12C8366213B09C200567434 /* eyeshadow-spring-green-max.csv */ = {isa = PBXFileReference; fileEncoding = 4; lastKnownFileType = text; path = "eyeshadow-spring-green-max.csv"; sourceTree = "<group>"; };
		C12C8367213B09C200567434 /* eyeshadow-summer-red-max.csv */ = {isa = PBXFileReference; fileEncoding = 4; lastKnownFileType = text; path = "eyeshadow-summer-red-max.csv"; sourceTree = "<group>"; };
		C12C8368213B09C200567434 /* blush-autumn-red-max.csv */ = {isa = PBXFileReference; fileEncoding = 4; lastKnownFileType = text; path = "blush-autumn-red-max.csv"; sourceTree = "<group>"; };
		C12C8369213B09C200567434 /* blush-autumn-blue-min.csv */ = {isa = PBXFileReference; fileEncoding = 4; lastKnownFileType = text; path = "blush-autumn-blue-min.csv"; sourceTree = "<group>"; };
		C12C836A213B09C200567434 /* lipstick-winter-red-min.csv */ = {isa = PBXFileReference; fileEncoding = 4; lastKnownFileType = text; path = "lipstick-winter-red-min.csv"; sourceTree = "<group>"; };
		C12C836B213B09C200567434 /* eyeshadow-autumn-red-max.csv */ = {isa = PBXFileReference; fileEncoding = 4; lastKnownFileType = text; path = "eyeshadow-autumn-red-max.csv"; sourceTree = "<group>"; };
		C12C836C213B09C200567434 /* eyeshadow-winter-red-min.csv */ = {isa = PBXFileReference; fileEncoding = 4; lastKnownFileType = text; path = "eyeshadow-winter-red-min.csv"; sourceTree = "<group>"; };
		C12C836D213B09C200567434 /* eyeshadow-summer-blue-min.csv */ = {isa = PBXFileReference; fileEncoding = 4; lastKnownFileType = text; path = "eyeshadow-summer-blue-min.csv"; sourceTree = "<group>"; };
		C12C836E213B09C300567434 /* lipstick-spring-red-min.csv */ = {isa = PBXFileReference; fileEncoding = 4; lastKnownFileType = text; path = "lipstick-spring-red-min.csv"; sourceTree = "<group>"; };
		C12C836F213B09C300567434 /* lipstick-winter-blue-max.csv */ = {isa = PBXFileReference; fileEncoding = 4; lastKnownFileType = text; path = "lipstick-winter-blue-max.csv"; sourceTree = "<group>"; };
		C12C8370213B09C300567434 /* lipstick-summer-blue-min.csv */ = {isa = PBXFileReference; fileEncoding = 4; lastKnownFileType = text; path = "lipstick-summer-blue-min.csv"; sourceTree = "<group>"; };
		C12C8371213B09C300567434 /* eyeshadow-spring-red-max.csv */ = {isa = PBXFileReference; fileEncoding = 4; lastKnownFileType = text; path = "eyeshadow-spring-red-max.csv"; sourceTree = "<group>"; };
		C12C8372213B09C300567434 /* lipstick-autumn-blue-max.csv */ = {isa = PBXFileReference; fileEncoding = 4; lastKnownFileType = text; path = "lipstick-autumn-blue-max.csv"; sourceTree = "<group>"; };
		C12C8373213B09C300567434 /* lipstick-winter-green-max.csv */ = {isa = PBXFileReference; fileEncoding = 4; lastKnownFileType = text; path = "lipstick-winter-green-max.csv"; sourceTree = "<group>"; };
		C12C8374213B09C300567434 /* eyeshadow-summer-green-min.csv */ = {isa = PBXFileReference; fileEncoding = 4; lastKnownFileType = text; path = "eyeshadow-summer-green-min.csv"; sourceTree = "<group>"; };
		C12C8375213B09C300567434 /* eyeshadow-autumn-blue-min.csv */ = {isa = PBXFileReference; fileEncoding = 4; lastKnownFileType = text; path = "eyeshadow-autumn-blue-min.csv"; sourceTree = "<group>"; };
		C12C8376213B09C300567434 /* eyeshadow-winter-blue-min.csv */ = {isa = PBXFileReference; fileEncoding = 4; lastKnownFileType = text; path = "eyeshadow-winter-blue-min.csv"; sourceTree = "<group>"; };
		C12C8377213B09C400567434 /* lipstick-spring-blue-max.csv */ = {isa = PBXFileReference; fileEncoding = 4; lastKnownFileType = text; path = "lipstick-spring-blue-max.csv"; sourceTree = "<group>"; };
		C12C8378213B09C400567434 /* eyeshadow-winter-green-max.csv */ = {isa = PBXFileReference; fileEncoding = 4; lastKnownFileType = text; path = "eyeshadow-winter-green-max.csv"; sourceTree = "<group>"; };
		C12C8379213B09C400567434 /* eyeshadow-summer-red-min.csv */ = {isa = PBXFileReference; fileEncoding = 4; lastKnownFileType = text; path = "eyeshadow-summer-red-min.csv"; sourceTree = "<group>"; };
		C12C837A213B09C400567434 /* eyeshadow-winter-red-max.csv */ = {isa = PBXFileReference; fileEncoding = 4; lastKnownFileType = text; path = "eyeshadow-winter-red-max.csv"; sourceTree = "<group>"; };
		C12C837B213B09C400567434 /* lipstick-summer-green-max.csv */ = {isa = PBXFileReference; fileEncoding = 4; lastKnownFileType = text; path = "lipstick-summer-green-max.csv"; sourceTree = "<group>"; };
		C12C837C213B09C400567434 /* lipstick-winter-green-min.csv */ = {isa = PBXFileReference; fileEncoding = 4; lastKnownFileType = text; path = "lipstick-winter-green-min.csv"; sourceTree = "<group>"; };
		C12C837D213B09C400567434 /* blush-summer-blue-max.csv */ = {isa = PBXFileReference; fileEncoding = 4; lastKnownFileType = text; path = "blush-summer-blue-max.csv"; sourceTree = "<group>"; };
		C12C837E213B09C400567434 /* lipstick-spring-red-max.csv */ = {isa = PBXFileReference; fileEncoding = 4; lastKnownFileType = text; path = "lipstick-spring-red-max.csv"; sourceTree = "<group>"; };
		C12C837F213B09C400567434 /* eyeshadow-winter-blue-max.csv */ = {isa = PBXFileReference; fileEncoding = 4; lastKnownFileType = text; path = "eyeshadow-winter-blue-max.csv"; sourceTree = "<group>"; };
		C12C8380213B09C400567434 /* lipstick-summer-green-min.csv */ = {isa = PBXFileReference; fileEncoding = 4; lastKnownFileType = text; path = "lipstick-summer-green-min.csv"; sourceTree = "<group>"; };
		C12C8381213B09C400567434 /* blush-spring-green-min.csv */ = {isa = PBXFileReference; fileEncoding = 4; lastKnownFileType = text; path = "blush-spring-green-min.csv"; sourceTree = "<group>"; };
		C12C8382213B09C500567434 /* lipstick-autumn-green-min.csv */ = {isa = PBXFileReference; fileEncoding = 4; lastKnownFileType = text; path = "lipstick-autumn-green-min.csv"; sourceTree = "<group>"; };
		C12C8383213B09C500567434 /* blush-summer-green-min.csv */ = {isa = PBXFileReference; fileEncoding = 4; lastKnownFileType = text; path = "blush-summer-green-min.csv"; sourceTree = "<group>"; };
		C12C8384213B09C500567434 /* eyeshadow-winter-green-min.csv */ = {isa = PBXFileReference; fileEncoding = 4; lastKnownFileType = text; path = "eyeshadow-winter-green-min.csv"; sourceTree = "<group>"; };
		C12C8385213B09C500567434 /* lipstick-autumn-red-min.csv */ = {isa = PBXFileReference; fileEncoding = 4; lastKnownFileType = text; path = "lipstick-autumn-red-min.csv"; sourceTree = "<group>"; };
		C12C8386213B09C500567434 /* eyeshadow-spring-red-min.csv */ = {isa = PBXFileReference; fileEncoding = 4; lastKnownFileType = text; path = "eyeshadow-spring-red-min.csv"; sourceTree = "<group>"; };
		C12C8387213B09C500567434 /* lipstick-spring-green-max.csv */ = {isa = PBXFileReference; fileEncoding = 4; lastKnownFileType = text; path = "lipstick-spring-green-max.csv"; sourceTree = "<group>"; };
		C12C8388213B09C500567434 /* blush-spring-blue-min.csv */ = {isa = PBXFileReference; fileEncoding = 4; lastKnownFileType = text; path = "blush-spring-blue-min.csv"; sourceTree = "<group>"; };
		C12C8389213B09C500567434 /* lipstick-autumn-green-max.csv */ = {isa = PBXFileReference; fileEncoding = 4; lastKnownFileType = text; path = "lipstick-autumn-green-max.csv"; sourceTree = "<group>"; };
		C12C838A213B09C600567434 /* lipstick-autumn-blue-min.csv */ = {isa = PBXFileReference; fileEncoding = 4; lastKnownFileType = text; path = "lipstick-autumn-blue-min.csv"; sourceTree = "<group>"; };
		C12C838B213B09C600567434 /* lipstick-summer-red-max.csv */ = {isa = PBXFileReference; fileEncoding = 4; lastKnownFileType = text; path = "lipstick-summer-red-max.csv"; sourceTree = "<group>"; };
		C12C838C213B09C600567434 /* lipstick-summer-red-min.csv */ = {isa = PBXFileReference; fileEncoding = 4; lastKnownFileType = text; path = "lipstick-summer-red-min.csv"; sourceTree = "<group>"; };
		C12C838D213B09C600567434 /* lipstick-autumn-red-max.csv */ = {isa = PBXFileReference; fileEncoding = 4; lastKnownFileType = text; path = "lipstick-autumn-red-max.csv"; sourceTree = "<group>"; };
		C12C838E213B09C600567434 /* blush-summer-red-min.csv */ = {isa = PBXFileReference; fileEncoding = 4; lastKnownFileType = text; path = "blush-summer-red-min.csv"; sourceTree = "<group>"; };
		C12C838F213B09C600567434 /* blush-winter-red-max.csv */ = {isa = PBXFileReference; fileEncoding = 4; lastKnownFileType = text; path = "blush-winter-red-max.csv"; sourceTree = "<group>"; };
		C12C8390213B09C600567434 /* eyeshadow-spring-blue-max.csv */ = {isa = PBXFileReference; fileEncoding = 4; lastKnownFileType = text; path = "eyeshadow-spring-blue-max.csv"; sourceTree = "<group>"; };
		C12C8391213B09C600567434 /* eyeshadow-summer-blue-max.csv */ = {isa = PBXFileReference; fileEncoding = 4; lastKnownFileType = text; path = "eyeshadow-summer-blue-max.csv"; sourceTree = "<group>"; };
		C12C8392213B09C700567434 /* blush-winter-blue-min.csv */ = {isa = PBXFileReference; fileEncoding = 4; lastKnownFileType = text; path = "blush-winter-blue-min.csv"; sourceTree = "<group>"; };
		C12C8393213B09C700567434 /* blush-winter-blue-max.csv */ = {isa = PBXFileReference; fileEncoding = 4; lastKnownFileType = text; path = "blush-winter-blue-max.csv"; sourceTree = "<group>"; };
		C12C8394213B09C700567434 /* eyeshadow-spring-blue-min.csv */ = {isa = PBXFileReference; fileEncoding = 4; lastKnownFileType = text; path = "eyeshadow-spring-blue-min.csv"; sourceTree = "<group>"; };
		C12C8395213B09C700567434 /* lipstick-winter-blue-min.csv */ = {isa = PBXFileReference; fileEncoding = 4; lastKnownFileType = text; path = "lipstick-winter-blue-min.csv"; sourceTree = "<group>"; };
		C12C8396213B09C700567434 /* lipstick-summer-blue-max.csv */ = {isa = PBXFileReference; fileEncoding = 4; lastKnownFileType = text; path = "lipstick-summer-blue-max.csv"; sourceTree = "<group>"; };
		C12C8397213B09C700567434 /* eyeshadow-autumn-green-max.csv */ = {isa = PBXFileReference; fileEncoding = 4; lastKnownFileType = text; path = "eyeshadow-autumn-green-max.csv"; sourceTree = "<group>"; };
		C12C8398213B09C700567434 /* blush-summer-green-max.csv */ = {isa = PBXFileReference; fileEncoding = 4; lastKnownFileType = text; path = "blush-summer-green-max.csv"; sourceTree = "<group>"; };
		C12C8399213B09C700567434 /* eyeshadow-summer-green-max.csv */ = {isa = PBXFileReference; fileEncoding = 4; lastKnownFileType = text; path = "eyeshadow-summer-green-max.csv"; sourceTree = "<group>"; };
		C12C839A213B09C700567434 /* blush-spring-green-max.csv */ = {isa = PBXFileReference; fileEncoding = 4; lastKnownFileType = text; path = "blush-spring-green-max.csv"; sourceTree = "<group>"; };
		C12C839B213B09C800567434 /* lipstick-spring-green-min.csv */ = {isa = PBXFileReference; fileEncoding = 4; lastKnownFileType = text; path = "lipstick-spring-green-min.csv"; sourceTree = "<group>"; };
		C12C839C213B09C800567434 /* blush-autumn-green-max.csv */ = {isa = PBXFileReference; fileEncoding = 4; lastKnownFileType = text; path = "blush-autumn-green-max.csv"; sourceTree = "<group>"; };
		C12C839D213B09C800567434 /* lipstick-winter-red-max.csv */ = {isa = PBXFileReference; fileEncoding = 4; lastKnownFileType = text; path = "lipstick-winter-red-max.csv"; sourceTree = "<group>"; };
		C12C839E213B09C800567434 /* lipstick-spring-blue-min.csv */ = {isa = PBXFileReference; fileEncoding = 4; lastKnownFileType = text; path = "lipstick-spring-blue-min.csv"; sourceTree = "<group>"; };
		C12C839F213B09C800567434 /* blush-spring-red-max.csv */ = {isa = PBXFileReference; fileEncoding = 4; lastKnownFileType = text; path = "blush-spring-red-max.csv"; sourceTree = "<group>"; };
		C12C83A0213B09C800567434 /* blush-spring-red-min.csv */ = {isa = PBXFileReference; fileEncoding = 4; lastKnownFileType = text; path = "blush-spring-red-min.csv"; sourceTree = "<group>"; };
		C12C83E9213B0BB500567434 /* SelectSeasonViewController.swift */ = {isa = PBXFileReference; lastKnownFileType = sourcecode.swift; path = SelectSeasonViewController.swift; sourceTree = "<group>"; };
		C1319AE62136881C009B212E /* MakeUpSample.app */ = {isa = PBXFileReference; explicitFileType = wrapper.application; includeInIndex = 0; path = MakeUpSample.app; sourceTree = BUILT_PRODUCTS_DIR; };
		C1319AE92136881C009B212E /* AppDelegate.swift */ = {isa = PBXFileReference; lastKnownFileType = sourcecode.swift; path = AppDelegate.swift; sourceTree = "<group>"; };
		C1319AEB2136881C009B212E /* ViewController.swift */ = {isa = PBXFileReference; lastKnownFileType = sourcecode.swift; path = ViewController.swift; sourceTree = "<group>"; };
		C1319AEE2136881C009B212E /* Base */ = {isa = PBXFileReference; lastKnownFileType = file.storyboard; name = Base; path = Base.lproj/Main.storyboard; sourceTree = "<group>"; };
		C1319AF02136881E009B212E /* Assets.xcassets */ = {isa = PBXFileReference; lastKnownFileType = folder.assetcatalog; path = Assets.xcassets; sourceTree = "<group>"; };
		C1319AF32136881E009B212E /* Base */ = {isa = PBXFileReference; lastKnownFileType = file.storyboard; name = Base; path = Base.lproj/LaunchScreen.storyboard; sourceTree = "<group>"; };
		C1319AF52136881E009B212E /* Info.plist */ = {isa = PBXFileReference; lastKnownFileType = text.plist.xml; path = Info.plist; sourceTree = "<group>"; };
		C1319AFF21368B66009B212E /* MakeUpAPI.swift */ = {isa = PBXFileReference; lastKnownFileType = sourcecode.swift; path = MakeUpAPI.swift; sourceTree = "<group>"; };
		C1319B052136B8D2009B212E /* Cosme.swift */ = {isa = PBXFileReference; lastKnownFileType = sourcecode.swift; path = Cosme.swift; sourceTree = "<group>"; };
		C1319B0721370C62009B212E /* CosmeTableViewCell.swift */ = {isa = PBXFileReference; lastKnownFileType = sourcecode.swift; path = CosmeTableViewCell.swift; sourceTree = "<group>"; };
		C1319B0821370C62009B212E /* CosmeTableViewCell.xib */ = {isa = PBXFileReference; lastKnownFileType = file.xib; path = CosmeTableViewCell.xib; sourceTree = "<group>"; };
		C1319B11213A7A14009B212E /* ProductTypeTableViewCell.swift */ = {isa = PBXFileReference; lastKnownFileType = sourcecode.swift; path = ProductTypeTableViewCell.swift; sourceTree = "<group>"; };
		C1319B12213A7A14009B212E /* ProductTypeTableViewCell.xib */ = {isa = PBXFileReference; lastKnownFileType = file.xib; path = ProductTypeTableViewCell.xib; sourceTree = "<group>"; };
/* End PBXFileReference section */

/* Begin PBXFrameworksBuildPhase section */
		C1319AE32136881C009B212E /* Frameworks */ = {
			isa = PBXFrameworksBuildPhase;
			buildActionMask = 2147483647;
			files = (
				05567C597A402631EDD2923C /* Pods_MakeUpSample.framework in Frameworks */,
			);
			runOnlyForDeploymentPostprocessing = 0;
		};
/* End PBXFrameworksBuildPhase section */

/* Begin PBXGroup section */
		BEE9D0C7E1105D14B88636B7 /* Pods */ = {
			isa = PBXGroup;
			children = (
				04588FCA5693F15BB6FD69EE /* Pods-MakeUpSample.debug.xcconfig */,
				B6DDB4734510B9398E88C73E /* Pods-MakeUpSample.release.xcconfig */,
			);
			name = Pods;
			sourceTree = "<group>";
		};
		C12C8335213A8F2800567434 /* Controllers */ = {
			isa = PBXGroup;
			children = (
				C1319AEB2136881C009B212E /* ViewController.swift */,
				C12C8342213AAF2E00567434 /* ExplainWebViewController.swift */,
				C12C8336213A8F6200567434 /* ProductTypeViewController.swift */,
				C12C83E9213B0BB500567434 /* SelectSeasonViewController.swift */,
				C12C8340213A9A3F00567434 /* CosmeListViewController.swift */,
			);
			path = Controllers;
			sourceTree = "<group>";
		};
		C12C834E213ADF1C00567434 /* Extention */ = {
			isa = PBXGroup;
			children = (
				C12C834F213ADF9E00567434 /* UIColor+Extention.swift */,
				C12C8351213AE35C00567434 /* String+Extention.swift */,
			);
			path = Extention;
			sourceTree = "<group>";
		};
		C12C8357213B099C00567434 /* Image */ = {
			isa = PBXGroup;
			children = (
				C12C8349213ACF4B00567434 /* icons8-カテゴリー-32.png */,
				C12C8348213ACF4B00567434 /* icons8-フェースパウダー-32.png */,
				C12C8338213A986C00567434 /* icons8-化粧ブラシ-44.png */,
				C12C833B213A988400567434 /* icons8-ハート-32 (1).png */,
				C12C833C213A988400567434 /* icons8-ハート-32.png */,
				C12C833A213A988400567434 /* icons8-検索-32.png */,
				C12C8344213ACEFF00567434 /* icons8-フェースパウダー-44.png */,
			);
			path = Image;
			sourceTree = "<group>";
		};
		C12C8358213B09A600567434 /* csv */ = {
			isa = PBXGroup;
			children = (
				C12C8364213B09C200567434 /* blush-autumn-blue-max.csv */,
				C12C8369213B09C200567434 /* blush-autumn-blue-min.csv */,
				C12C839C213B09C800567434 /* blush-autumn-green-max.csv */,
				C12C835E213B09C100567434 /* blush-autumn-green-min.csv */,
				C12C8368213B09C200567434 /* blush-autumn-red-max.csv */,
				C12C835D213B09C100567434 /* blush-autumn-red-min.csv */,
				C12C835B213B09C100567434 /* blush-spring-blue-max.csv */,
				C12C8388213B09C500567434 /* blush-spring-blue-min.csv */,
				C12C839A213B09C700567434 /* blush-spring-green-max.csv */,
				C12C8381213B09C400567434 /* blush-spring-green-min.csv */,
				C12C839F213B09C800567434 /* blush-spring-red-max.csv */,
				C12C83A0213B09C800567434 /* blush-spring-red-min.csv */,
				C12C837D213B09C400567434 /* blush-summer-blue-max.csv */,
				C12C8359213B09C100567434 /* blush-summer-blue-min.csv */,
				C12C8398213B09C700567434 /* blush-summer-green-max.csv */,
				C12C8383213B09C500567434 /* blush-summer-green-min.csv */,
				C12C8363213B09C200567434 /* blush-summer-red-max.csv */,
				C12C838E213B09C600567434 /* blush-summer-red-min.csv */,
				C12C8393213B09C700567434 /* blush-winter-blue-max.csv */,
				C12C8392213B09C700567434 /* blush-winter-blue-min.csv */,
				C12C8361213B09C200567434 /* blush-winter-green-max.csv */,
				C12C8365213B09C200567434 /* blush-winter-green-min.csv */,
				C12C838F213B09C600567434 /* blush-winter-red-max.csv */,
				C12C835F213B09C100567434 /* blush-winter-red-min.csv */,
				C12C835A213B09C100567434 /* eyeshadow-autumn-blue-max.csv */,
				C12C8375213B09C300567434 /* eyeshadow-autumn-blue-min.csv */,
				C12C8397213B09C700567434 /* eyeshadow-autumn-green-max.csv */,
				C12C8362213B09C200567434 /* eyeshadow-autumn-green-min.csv */,
				C12C836B213B09C200567434 /* eyeshadow-autumn-red-max.csv */,
				C12C8360213B09C200567434 /* eyeshadow-autumn-red-min.csv */,
				C12C8390213B09C600567434 /* eyeshadow-spring-blue-max.csv */,
				C12C8394213B09C700567434 /* eyeshadow-spring-blue-min.csv */,
				C12C8366213B09C200567434 /* eyeshadow-spring-green-max.csv */,
				C12C835C213B09C100567434 /* eyeshadow-spring-green-min.csv */,
				C12C8371213B09C300567434 /* eyeshadow-spring-red-max.csv */,
				C12C8386213B09C500567434 /* eyeshadow-spring-red-min.csv */,
				C12C8391213B09C600567434 /* eyeshadow-summer-blue-max.csv */,
				C12C836D213B09C200567434 /* eyeshadow-summer-blue-min.csv */,
				C12C8399213B09C700567434 /* eyeshadow-summer-green-max.csv */,
				C12C8374213B09C300567434 /* eyeshadow-summer-green-min.csv */,
				C12C8367213B09C200567434 /* eyeshadow-summer-red-max.csv */,
				C12C8379213B09C400567434 /* eyeshadow-summer-red-min.csv */,
				C12C837F213B09C400567434 /* eyeshadow-winter-blue-max.csv */,
				C12C8376213B09C300567434 /* eyeshadow-winter-blue-min.csv */,
				C12C8378213B09C400567434 /* eyeshadow-winter-green-max.csv */,
				C12C8384213B09C500567434 /* eyeshadow-winter-green-min.csv */,
				C12C837A213B09C400567434 /* eyeshadow-winter-red-max.csv */,
				C12C836C213B09C200567434 /* eyeshadow-winter-red-min.csv */,
				C12C8372213B09C300567434 /* lipstick-autumn-blue-max.csv */,
				C12C838A213B09C600567434 /* lipstick-autumn-blue-min.csv */,
				C12C8389213B09C500567434 /* lipstick-autumn-green-max.csv */,
				C12C8382213B09C500567434 /* lipstick-autumn-green-min.csv */,
				C12C838D213B09C600567434 /* lipstick-autumn-red-max.csv */,
				C12C8385213B09C500567434 /* lipstick-autumn-red-min.csv */,
				C12C8377213B09C400567434 /* lipstick-spring-blue-max.csv */,
				C12C839E213B09C800567434 /* lipstick-spring-blue-min.csv */,
				C12C8387213B09C500567434 /* lipstick-spring-green-max.csv */,
				C12C839B213B09C800567434 /* lipstick-spring-green-min.csv */,
				C12C837E213B09C400567434 /* lipstick-spring-red-max.csv */,
				C12C836E213B09C300567434 /* lipstick-spring-red-min.csv */,
				C12C8396213B09C700567434 /* lipstick-summer-blue-max.csv */,
				C12C8370213B09C300567434 /* lipstick-summer-blue-min.csv */,
				C12C837B213B09C400567434 /* lipstick-summer-green-max.csv */,
				C12C8380213B09C400567434 /* lipstick-summer-green-min.csv */,
				C12C838B213B09C600567434 /* lipstick-summer-red-max.csv */,
				C12C838C213B09C600567434 /* lipstick-summer-red-min.csv */,
				C12C836F213B09C300567434 /* lipstick-winter-blue-max.csv */,
				C12C8395213B09C700567434 /* lipstick-winter-blue-min.csv */,
				C12C8373213B09C300567434 /* lipstick-winter-green-max.csv */,
				C12C837C213B09C400567434 /* lipstick-winter-green-min.csv */,
				C12C839D213B09C800567434 /* lipstick-winter-red-max.csv */,
				C12C836A213B09C200567434 /* lipstick-winter-red-min.csv */,
			);
			path = csv;
			sourceTree = "<group>";
		};
		C1319ADD2136881C009B212E = {
			isa = PBXGroup;
			children = (
				C1319AE82136881C009B212E /* MakeUpSample */,
				C1319AE72136881C009B212E /* Products */,
				BEE9D0C7E1105D14B88636B7 /* Pods */,
				D7F4D60E0C836BBB1AAF5439 /* Frameworks */,
			);
			sourceTree = "<group>";
		};
		C1319AE72136881C009B212E /* Products */ = {
			isa = PBXGroup;
			children = (
				C1319AE62136881C009B212E /* MakeUpSample.app */,
			);
			name = Products;
			sourceTree = "<group>";
		};
		C1319AE82136881C009B212E /* MakeUpSample */ = {
			isa = PBXGroup;
			children = (
				C12C834E213ADF1C00567434 /* Extention */,
				C1319AE92136881C009B212E /* AppDelegate.swift */,
				C1319B10213A79E9009B212E /* Resources */,
				C1319B0C213A79A3009B212E /* Managers */,
				C12C8335213A8F2800567434 /* Controllers */,
				C1319B0D213A79B3009B212E /* Commons */,
				C1319AF02136881E009B212E /* Assets.xcassets */,
				C1319AF52136881E009B212E /* Info.plist */,
			);
			path = MakeUpSample;
			sourceTree = "<group>";
		};
		C1319B0B213A7952009B212E /* Models */ = {
			isa = PBXGroup;
			children = (
				C1319B052136B8D2009B212E /* Cosme.swift */,
			);
			path = Models;
			sourceTree = "<group>";
		};
		C1319B0C213A79A3009B212E /* Managers */ = {
			isa = PBXGroup;
			children = (
				C1319AFF21368B66009B212E /* MakeUpAPI.swift */,
				C12C8353213AF17D00567434 /* HexValueToRGB.swift */,
				C12C8355213AFC8600567434 /* LoadCSVFile.swift */,
			);
			path = Managers;
			sourceTree = "<group>";
		};
		C1319B0D213A79B3009B212E /* Commons */ = {
			isa = PBXGroup;
			children = (
				C1319B0F213A79DE009B212E /* Cells */,
				C1319B0E213A79CD009B212E /* StoryBoard */,
				C1319B0B213A7952009B212E /* Models */,
			);
			path = Commons;
			sourceTree = "<group>";
		};
		C1319B0E213A79CD009B212E /* StoryBoard */ = {
			isa = PBXGroup;
			children = (
				C1319AED2136881C009B212E /* Main.storyboard */,
				C1319AF22136881E009B212E /* LaunchScreen.storyboard */,
			);
			path = StoryBoard;
			sourceTree = "<group>";
		};
		C1319B0F213A79DE009B212E /* Cells */ = {
			isa = PBXGroup;
			children = (
				C1319B0721370C62009B212E /* CosmeTableViewCell.swift */,
				C1319B0821370C62009B212E /* CosmeTableViewCell.xib */,
				C1319B11213A7A14009B212E /* ProductTypeTableViewCell.swift */,
				C1319B12213A7A14009B212E /* ProductTypeTableViewCell.xib */,
			);
			path = Cells;
			sourceTree = "<group>";
		};
		C1319B10213A79E9009B212E /* Resources */ = {
			isa = PBXGroup;
			children = (
				C12C8358213B09A600567434 /* csv */,
				C12C8357213B099C00567434 /* Image */,
			);
			path = Resources;
			sourceTree = "<group>";
		};
		D7F4D60E0C836BBB1AAF5439 /* Frameworks */ = {
			isa = PBXGroup;
			children = (
				17CFF094B9E8431CD78D6F6A /* Pods_MakeUpSample.framework */,
			);
			name = Frameworks;
			sourceTree = "<group>";
		};
/* End PBXGroup section */

/* Begin PBXNativeTarget section */
		C1319AE52136881C009B212E /* MakeUpSample */ = {
			isa = PBXNativeTarget;
			buildConfigurationList = C1319AF82136881E009B212E /* Build configuration list for PBXNativeTarget "MakeUpSample" */;
			buildPhases = (
				C703B18B3B22FBDFA96E6C04 /* [CP] Check Pods Manifest.lock */,
				C1319AE22136881C009B212E /* Sources */,
				C1319AE32136881C009B212E /* Frameworks */,
				C1319AE42136881C009B212E /* Resources */,
				5D363BA855D7958C94B4885F /* [CP] Embed Pods Frameworks */,
			);
			buildRules = (
			);
			dependencies = (
			);
			name = MakeUpSample;
			productName = MakeUpSample;
			productReference = C1319AE62136881C009B212E /* MakeUpSample.app */;
			productType = "com.apple.product-type.application";
		};
/* End PBXNativeTarget section */

/* Begin PBXProject section */
		C1319ADE2136881C009B212E /* Project object */ = {
			isa = PBXProject;
			attributes = {
				LastSwiftUpdateCheck = 0940;
				LastUpgradeCheck = 0940;
				ORGANIZATIONNAME = TakaoAtsushi;
				TargetAttributes = {
					C1319AE52136881C009B212E = {
						CreatedOnToolsVersion = 9.4.1;
					};
				};
			};
			buildConfigurationList = C1319AE12136881C009B212E /* Build configuration list for PBXProject "MakeUpSample" */;
			compatibilityVersion = "Xcode 9.3";
			developmentRegion = en;
			hasScannedForEncodings = 0;
			knownRegions = (
				en,
				Base,
			);
			mainGroup = C1319ADD2136881C009B212E;
			productRefGroup = C1319AE72136881C009B212E /* Products */;
			projectDirPath = "";
			projectRoot = "";
			targets = (
				C1319AE52136881C009B212E /* MakeUpSample */,
			);
		};
/* End PBXProject section */

/* Begin PBXResourcesBuildPhase section */
		C1319AE42136881C009B212E /* Resources */ = {
			isa = PBXResourcesBuildPhase;
			buildActionMask = 2147483647;
			files = (
				C12C83C0213B09C800567434 /* eyeshadow-winter-green-max.csv in Resources */,
				C12C83AC213B09C800567434 /* blush-autumn-blue-max.csv in Resources */,
				C12C83CA213B09C800567434 /* lipstick-autumn-green-min.csv in Resources */,
				C12C83CD213B09C800567434 /* lipstick-autumn-red-min.csv in Resources */,
				C12C83A6213B09C800567434 /* blush-autumn-green-min.csv in Resources */,
				C12C83AA213B09C800567434 /* eyeshadow-autumn-green-min.csv in Resources */,
				C12C83C7213B09C800567434 /* eyeshadow-winter-blue-max.csv in Resources */,
				C12C83E6213B09C800567434 /* lipstick-spring-blue-min.csv in Resources */,
				C12C83B5213B09C800567434 /* eyeshadow-summer-blue-min.csv in Resources */,
				C12C83D3213B09C800567434 /* lipstick-summer-red-max.csv in Resources */,
				C12C83E0213B09C800567434 /* blush-summer-green-max.csv in Resources */,
				C12C83A4213B09C800567434 /* eyeshadow-spring-green-min.csv in Resources */,
				C12C83A3213B09C800567434 /* blush-spring-blue-max.csv in Resources */,
				C12C83BF213B09C800567434 /* lipstick-spring-blue-max.csv in Resources */,
				C12C83DD213B09C800567434 /* lipstick-winter-blue-min.csv in Resources */,
				C12C833E213A988500567434 /* icons8-ハート-32 (1).png in Resources */,
				C12C83AB213B09C800567434 /* blush-summer-red-max.csv in Resources */,
				C12C8339213A986C00567434 /* icons8-化粧ブラシ-44.png in Resources */,
				C12C83D2213B09C800567434 /* lipstick-autumn-blue-min.csv in Resources */,
				C12C833D213A988500567434 /* icons8-検索-32.png in Resources */,
				C12C83E5213B09C800567434 /* lipstick-winter-red-max.csv in Resources */,
				C1319AF42136881E009B212E /* LaunchScreen.storyboard in Resources */,
				C12C83B0213B09C800567434 /* blush-autumn-red-max.csv in Resources */,
				C12C83B7213B09C800567434 /* lipstick-winter-blue-max.csv in Resources */,
				C12C83C4213B09C800567434 /* lipstick-winter-green-min.csv in Resources */,
				C12C83B2213B09C800567434 /* lipstick-winter-red-min.csv in Resources */,
				C12C83C6213B09C800567434 /* lipstick-spring-red-max.csv in Resources */,
				C12C83D4213B09C800567434 /* lipstick-summer-red-min.csv in Resources */,
				C12C83E4213B09C800567434 /* blush-autumn-green-max.csv in Resources */,
				C12C83E1213B09C800567434 /* eyeshadow-summer-green-max.csv in Resources */,
				C12C83BC213B09C800567434 /* eyeshadow-summer-green-min.csv in Resources */,
				C12C83A8213B09C800567434 /* eyeshadow-autumn-red-min.csv in Resources */,
				C12C83C5213B09C800567434 /* blush-summer-blue-max.csv in Resources */,
				C12C83E3213B09C800567434 /* lipstick-spring-green-min.csv in Resources */,
				C1319AF12136881E009B212E /* Assets.xcassets in Resources */,
				C12C83C8213B09C800567434 /* lipstick-summer-green-min.csv in Resources */,
				C12C83B1213B09C800567434 /* blush-autumn-blue-min.csv in Resources */,
				C12C83DC213B09C800567434 /* eyeshadow-spring-blue-min.csv in Resources */,
				C12C83B8213B09C800567434 /* lipstick-summer-blue-min.csv in Resources */,
				C12C83A2213B09C800567434 /* eyeshadow-autumn-blue-max.csv in Resources */,
				C1319B14213A7A14009B212E /* ProductTypeTableViewCell.xib in Resources */,
				C12C83A9213B09C800567434 /* blush-winter-green-max.csv in Resources */,
				C12C83BE213B09C800567434 /* eyeshadow-winter-blue-min.csv in Resources */,
				C12C83CB213B09C800567434 /* blush-summer-green-min.csv in Resources */,
				C1319B0A21370C62009B212E /* CosmeTableViewCell.xib in Resources */,
				C12C83E2213B09C800567434 /* blush-spring-green-max.csv in Resources */,
				C12C83C9213B09C800567434 /* blush-spring-green-min.csv in Resources */,
				C12C83BA213B09C800567434 /* lipstick-autumn-blue-max.csv in Resources */,
				C12C834B213ACF4C00567434 /* icons8-カテゴリー-32.png in Resources */,
				C12C83BD213B09C800567434 /* eyeshadow-autumn-blue-min.csv in Resources */,
				C12C833F213A988500567434 /* icons8-ハート-32.png in Resources */,
				C12C83D9213B09C800567434 /* eyeshadow-summer-blue-max.csv in Resources */,
				C12C83DA213B09C800567434 /* blush-winter-blue-min.csv in Resources */,
				C1319AEF2136881C009B212E /* Main.storyboard in Resources */,
				C12C83DE213B09C800567434 /* lipstick-summer-blue-max.csv in Resources */,
				C12C83AF213B09C800567434 /* eyeshadow-summer-red-max.csv in Resources */,
				C12C83C1213B09C800567434 /* eyeshadow-summer-red-min.csv in Resources */,
				C12C83A1213B09C800567434 /* blush-summer-blue-min.csv in Resources */,
				C12C83C2213B09C800567434 /* eyeshadow-winter-red-max.csv in Resources */,
				C12C83DF213B09C800567434 /* eyeshadow-autumn-green-max.csv in Resources */,
				C12C834A213ACF4C00567434 /* icons8-フェースパウダー-32.png in Resources */,
				C12C83D8213B09C800567434 /* eyeshadow-spring-blue-max.csv in Resources */,
				C12C83AD213B09C800567434 /* blush-winter-green-min.csv in Resources */,
				C12C83B6213B09C800567434 /* lipstick-spring-red-min.csv in Resources */,
				C12C83E7213B09C800567434 /* blush-spring-red-max.csv in Resources */,
				C12C83D5213B09C800567434 /* lipstick-autumn-red-max.csv in Resources */,
				C12C83D6213B09C800567434 /* blush-summer-red-min.csv in Resources */,
				C12C83DB213B09C800567434 /* blush-winter-blue-max.csv in Resources */,
				C12C83AE213B09C800567434 /* eyeshadow-spring-green-max.csv in Resources */,
				C12C83A7213B09C800567434 /* blush-winter-red-min.csv in Resources */,
				C12C83B3213B09C800567434 /* eyeshadow-autumn-red-max.csv in Resources */,
				C12C83CE213B09C800567434 /* eyeshadow-spring-red-min.csv in Resources */,
				C12C83D7213B09C800567434 /* blush-winter-red-max.csv in Resources */,
				C12C83E8213B09C800567434 /* blush-spring-red-min.csv in Resources */,
				C12C83B9213B09C800567434 /* eyeshadow-spring-red-max.csv in Resources */,
				C12C8346213ACEFF00567434 /* icons8-フェースパウダー-44.png in Resources */,
				C12C83BB213B09C800567434 /* lipstick-winter-green-max.csv in Resources */,
				C12C83B4213B09C800567434 /* eyeshadow-winter-red-min.csv in Resources */,
				C12C83A5213B09C800567434 /* blush-autumn-red-min.csv in Resources */,
				C12C83CC213B09C800567434 /* eyeshadow-winter-green-min.csv in Resources */,
				C12C83D1213B09C800567434 /* lipstick-autumn-green-max.csv in Resources */,
				C12C83C3213B09C800567434 /* lipstick-summer-green-max.csv in Resources */,
				C12C83CF213B09C800567434 /* lipstick-spring-green-max.csv in Resources */,
				C12C83D0213B09C800567434 /* blush-spring-blue-min.csv in Resources */,
			);
			runOnlyForDeploymentPostprocessing = 0;
		};
/* End PBXResourcesBuildPhase section */

/* Begin PBXShellScriptBuildPhase section */
		5D363BA855D7958C94B4885F /* [CP] Embed Pods Frameworks */ = {
			isa = PBXShellScriptBuildPhase;
			buildActionMask = 2147483647;
			files = (
			);
			inputPaths = (
				"${SRCROOT}/Pods/Target Support Files/Pods-MakeUpSample/Pods-MakeUpSample-frameworks.sh",
				"${BUILT_PRODUCTS_DIR}/Alamofire/Alamofire.framework",
				"${BUILT_PRODUCTS_DIR}/SDWebImage/SDWebImage.framework",
				"${BUILT_PRODUCTS_DIR}/SwiftyJSON/SwiftyJSON.framework",
				"${BUILT_PRODUCTS_DIR}/TTTAttributedLabel/TTTAttributedLabel.framework",
			);
			name = "[CP] Embed Pods Frameworks";
			outputPaths = (
				"${TARGET_BUILD_DIR}/${FRAMEWORKS_FOLDER_PATH}/Alamofire.framework",
				"${TARGET_BUILD_DIR}/${FRAMEWORKS_FOLDER_PATH}/SDWebImage.framework",
				"${TARGET_BUILD_DIR}/${FRAMEWORKS_FOLDER_PATH}/SwiftyJSON.framework",
				"${TARGET_BUILD_DIR}/${FRAMEWORKS_FOLDER_PATH}/TTTAttributedLabel.framework",
			);
			runOnlyForDeploymentPostprocessing = 0;
			shellPath = /bin/sh;
			shellScript = "\"${SRCROOT}/Pods/Target Support Files/Pods-MakeUpSample/Pods-MakeUpSample-frameworks.sh\"\n";
			showEnvVarsInLog = 0;
		};
		C703B18B3B22FBDFA96E6C04 /* [CP] Check Pods Manifest.lock */ = {
			isa = PBXShellScriptBuildPhase;
			buildActionMask = 2147483647;
			files = (
			);
			inputPaths = (
				"${PODS_PODFILE_DIR_PATH}/Podfile.lock",
				"${PODS_ROOT}/Manifest.lock",
			);
			name = "[CP] Check Pods Manifest.lock";
			outputPaths = (
				"$(DERIVED_FILE_DIR)/Pods-MakeUpSample-checkManifestLockResult.txt",
			);
			runOnlyForDeploymentPostprocessing = 0;
			shellPath = /bin/sh;
			shellScript = "diff \"${PODS_PODFILE_DIR_PATH}/Podfile.lock\" \"${PODS_ROOT}/Manifest.lock\" > /dev/null\nif [ $? != 0 ] ; then\n    # print error to STDERR\n    echo \"error: The sandbox is not in sync with the Podfile.lock. Run 'pod install' or update your CocoaPods installation.\" >&2\n    exit 1\nfi\n# This output is used by Xcode 'outputs' to avoid re-running this script phase.\necho \"SUCCESS\" > \"${SCRIPT_OUTPUT_FILE_0}\"\n";
			showEnvVarsInLog = 0;
		};
/* End PBXShellScriptBuildPhase section */

/* Begin PBXSourcesBuildPhase section */
		C1319AE22136881C009B212E /* Sources */ = {
			isa = PBXSourcesBuildPhase;
			buildActionMask = 2147483647;
			files = (
				C12C8352213AE35C00567434 /* String+Extention.swift in Sources */,
				C1319AEC2136881C009B212E /* ViewController.swift in Sources */,
				C1319B13213A7A14009B212E /* ProductTypeTableViewCell.swift in Sources */,
				C12C8341213A9A3F00567434 /* CosmeListViewController.swift in Sources */,
				C12C8337213A8F6200567434 /* ProductTypeViewController.swift in Sources */,
				C12C8356213AFC8600567434 /* LoadCSVFile.swift in Sources */,
				C1319AEA2136881C009B212E /* AppDelegate.swift in Sources */,
				C1319B062136B8D2009B212E /* Cosme.swift in Sources */,
				C12C83EA213B0BB500567434 /* SelectSeasonViewController.swift in Sources */,
				C12C8354213AF17D00567434 /* HexValueToRGB.swift in Sources */,
				C1319B0021368B66009B212E /* MakeUpAPI.swift in Sources */,
				C12C8350213ADF9E00567434 /* UIColor+Extention.swift in Sources */,
				C1319B0921370C62009B212E /* CosmeTableViewCell.swift in Sources */,
				C12C8343213AAF2E00567434 /* ExplainWebViewController.swift in Sources */,
			);
			runOnlyForDeploymentPostprocessing = 0;
		};
/* End PBXSourcesBuildPhase section */

/* Begin PBXVariantGroup section */
		C1319AED2136881C009B212E /* Main.storyboard */ = {
			isa = PBXVariantGroup;
			children = (
				C1319AEE2136881C009B212E /* Base */,
			);
			name = Main.storyboard;
			sourceTree = "<group>";
		};
		C1319AF22136881E009B212E /* LaunchScreen.storyboard */ = {
			isa = PBXVariantGroup;
			children = (
				C1319AF32136881E009B212E /* Base */,
			);
			name = LaunchScreen.storyboard;
			sourceTree = "<group>";
		};
/* End PBXVariantGroup section */

/* Begin XCBuildConfiguration section */
		C1319AF62136881E009B212E /* Debug */ = {
			isa = XCBuildConfiguration;
			buildSettings = {
				ALWAYS_SEARCH_USER_PATHS = NO;
				CLANG_ANALYZER_NONNULL = YES;
				CLANG_ANALYZER_NUMBER_OBJECT_CONVERSION = YES_AGGRESSIVE;
				CLANG_CXX_LANGUAGE_STANDARD = "gnu++14";
				CLANG_CXX_LIBRARY = "libc++";
				CLANG_ENABLE_MODULES = YES;
				CLANG_ENABLE_OBJC_ARC = YES;
				CLANG_ENABLE_OBJC_WEAK = YES;
				CLANG_WARN_BLOCK_CAPTURE_AUTORELEASING = YES;
				CLANG_WARN_BOOL_CONVERSION = YES;
				CLANG_WARN_COMMA = YES;
				CLANG_WARN_CONSTANT_CONVERSION = YES;
				CLANG_WARN_DEPRECATED_OBJC_IMPLEMENTATIONS = YES;
				CLANG_WARN_DIRECT_OBJC_ISA_USAGE = YES_ERROR;
				CLANG_WARN_DOCUMENTATION_COMMENTS = YES;
				CLANG_WARN_EMPTY_BODY = YES;
				CLANG_WARN_ENUM_CONVERSION = YES;
				CLANG_WARN_INFINITE_RECURSION = YES;
				CLANG_WARN_INT_CONVERSION = YES;
				CLANG_WARN_NON_LITERAL_NULL_CONVERSION = YES;
				CLANG_WARN_OBJC_IMPLICIT_RETAIN_SELF = YES;
				CLANG_WARN_OBJC_LITERAL_CONVERSION = YES;
				CLANG_WARN_OBJC_ROOT_CLASS = YES_ERROR;
				CLANG_WARN_RANGE_LOOP_ANALYSIS = YES;
				CLANG_WARN_STRICT_PROTOTYPES = YES;
				CLANG_WARN_SUSPICIOUS_MOVE = YES;
				CLANG_WARN_UNGUARDED_AVAILABILITY = YES_AGGRESSIVE;
				CLANG_WARN_UNREACHABLE_CODE = YES;
				CLANG_WARN__DUPLICATE_METHOD_MATCH = YES;
				CODE_SIGN_IDENTITY = "iPhone Developer";
				COPY_PHASE_STRIP = NO;
				DEBUG_INFORMATION_FORMAT = dwarf;
				ENABLE_STRICT_OBJC_MSGSEND = YES;
				ENABLE_TESTABILITY = YES;
				GCC_C_LANGUAGE_STANDARD = gnu11;
				GCC_DYNAMIC_NO_PIC = NO;
				GCC_NO_COMMON_BLOCKS = YES;
				GCC_OPTIMIZATION_LEVEL = 0;
				GCC_PREPROCESSOR_DEFINITIONS = (
					"DEBUG=1",
					"$(inherited)",
				);
				GCC_WARN_64_TO_32_BIT_CONVERSION = YES;
				GCC_WARN_ABOUT_RETURN_TYPE = YES_ERROR;
				GCC_WARN_UNDECLARED_SELECTOR = YES;
				GCC_WARN_UNINITIALIZED_AUTOS = YES_AGGRESSIVE;
				GCC_WARN_UNUSED_FUNCTION = YES;
				GCC_WARN_UNUSED_VARIABLE = YES;
				IPHONEOS_DEPLOYMENT_TARGET = 11.0;
				MTL_ENABLE_DEBUG_INFO = YES;
				ONLY_ACTIVE_ARCH = YES;
				SDKROOT = iphoneos;
				SWIFT_ACTIVE_COMPILATION_CONDITIONS = DEBUG;
				SWIFT_OPTIMIZATION_LEVEL = "-Onone";
			};
			name = Debug;
		};
		C1319AF72136881E009B212E /* Release */ = {
			isa = XCBuildConfiguration;
			buildSettings = {
				ALWAYS_SEARCH_USER_PATHS = NO;
				CLANG_ANALYZER_NONNULL = YES;
				CLANG_ANALYZER_NUMBER_OBJECT_CONVERSION = YES_AGGRESSIVE;
				CLANG_CXX_LANGUAGE_STANDARD = "gnu++14";
				CLANG_CXX_LIBRARY = "libc++";
				CLANG_ENABLE_MODULES = YES;
				CLANG_ENABLE_OBJC_ARC = YES;
				CLANG_ENABLE_OBJC_WEAK = YES;
				CLANG_WARN_BLOCK_CAPTURE_AUTORELEASING = YES;
				CLANG_WARN_BOOL_CONVERSION = YES;
				CLANG_WARN_COMMA = YES;
				CLANG_WARN_CONSTANT_CONVERSION = YES;
				CLANG_WARN_DEPRECATED_OBJC_IMPLEMENTATIONS = YES;
				CLANG_WARN_DIRECT_OBJC_ISA_USAGE = YES_ERROR;
				CLANG_WARN_DOCUMENTATION_COMMENTS = YES;
				CLANG_WARN_EMPTY_BODY = YES;
				CLANG_WARN_ENUM_CONVERSION = YES;
				CLANG_WARN_INFINITE_RECURSION = YES;
				CLANG_WARN_INT_CONVERSION = YES;
				CLANG_WARN_NON_LITERAL_NULL_CONVERSION = YES;
				CLANG_WARN_OBJC_IMPLICIT_RETAIN_SELF = YES;
				CLANG_WARN_OBJC_LITERAL_CONVERSION = YES;
				CLANG_WARN_OBJC_ROOT_CLASS = YES_ERROR;
				CLANG_WARN_RANGE_LOOP_ANALYSIS = YES;
				CLANG_WARN_STRICT_PROTOTYPES = YES;
				CLANG_WARN_SUSPICIOUS_MOVE = YES;
				CLANG_WARN_UNGUARDED_AVAILABILITY = YES_AGGRESSIVE;
				CLANG_WARN_UNREACHABLE_CODE = YES;
				CLANG_WARN__DUPLICATE_METHOD_MATCH = YES;
				CODE_SIGN_IDENTITY = "iPhone Developer";
				COPY_PHASE_STRIP = NO;
				DEBUG_INFORMATION_FORMAT = "dwarf-with-dsym";
				ENABLE_NS_ASSERTIONS = NO;
				ENABLE_STRICT_OBJC_MSGSEND = YES;
				GCC_C_LANGUAGE_STANDARD = gnu11;
				GCC_NO_COMMON_BLOCKS = YES;
				GCC_WARN_64_TO_32_BIT_CONVERSION = YES;
				GCC_WARN_ABOUT_RETURN_TYPE = YES_ERROR;
				GCC_WARN_UNDECLARED_SELECTOR = YES;
				GCC_WARN_UNINITIALIZED_AUTOS = YES_AGGRESSIVE;
				GCC_WARN_UNUSED_FUNCTION = YES;
				GCC_WARN_UNUSED_VARIABLE = YES;
				IPHONEOS_DEPLOYMENT_TARGET = 11.0;
				MTL_ENABLE_DEBUG_INFO = NO;
				SDKROOT = iphoneos;
				SWIFT_COMPILATION_MODE = wholemodule;
				SWIFT_OPTIMIZATION_LEVEL = "-O";
				VALIDATE_PRODUCT = YES;
			};
			name = Release;
		};
		C1319AF92136881E009B212E /* Debug */ = {
			isa = XCBuildConfiguration;
			baseConfigurationReference = 04588FCA5693F15BB6FD69EE /* Pods-MakeUpSample.debug.xcconfig */;
			buildSettings = {
				ASSETCATALOG_COMPILER_APPICON_NAME = AppIcon;
				CODE_SIGN_STYLE = Automatic;
				DEVELOPMENT_TEAM = 3E76788VZ5;
				INFOPLIST_FILE = MakeUpSample/Info.plist;
				LD_RUNPATH_SEARCH_PATHS = (
					"$(inherited)",
					"@executable_path/Frameworks",
				);
				PRODUCT_BUNDLE_IDENTIFIER = com.TakaoAtsushi.MakeUpSample;
				PRODUCT_NAME = "$(TARGET_NAME)";
				SWIFT_VERSION = 4.0;
				TARGETED_DEVICE_FAMILY = "1,2";
			};
			name = Debug;
		};
		C1319AFA2136881E009B212E /* Release */ = {
			isa = XCBuildConfiguration;
			baseConfigurationReference = B6DDB4734510B9398E88C73E /* Pods-MakeUpSample.release.xcconfig */;
			buildSettings = {
				ASSETCATALOG_COMPILER_APPICON_NAME = AppIcon;
				CODE_SIGN_STYLE = Automatic;
				DEVELOPMENT_TEAM = 3E76788VZ5;
				INFOPLIST_FILE = MakeUpSample/Info.plist;
				LD_RUNPATH_SEARCH_PATHS = (
					"$(inherited)",
					"@executable_path/Frameworks",
				);
				PRODUCT_BUNDLE_IDENTIFIER = com.TakaoAtsushi.MakeUpSample;
				PRODUCT_NAME = "$(TARGET_NAME)";
				SWIFT_VERSION = 4.0;
				TARGETED_DEVICE_FAMILY = "1,2";
			};
			name = Release;
		};
/* End XCBuildConfiguration section */

/* Begin XCConfigurationList section */
		C1319AE12136881C009B212E /* Build configuration list for PBXProject "MakeUpSample" */ = {
			isa = XCConfigurationList;
			buildConfigurations = (
				C1319AF62136881E009B212E /* Debug */,
				C1319AF72136881E009B212E /* Release */,
			);
			defaultConfigurationIsVisible = 0;
			defaultConfigurationName = Release;
		};
		C1319AF82136881E009B212E /* Build configuration list for PBXNativeTarget "MakeUpSample" */ = {
			isa = XCConfigurationList;
			buildConfigurations = (
				C1319AF92136881E009B212E /* Debug */,
				C1319AFA2136881E009B212E /* Release */,
			);
			defaultConfigurationIsVisible = 0;
			defaultConfigurationName = Release;
		};
/* End XCConfigurationList section */
	};
	rootObject = C1319ADE2136881C009B212E /* Project object */;
}
